PODS:
  - CocoaLumberjack (1.6.5.1):
    - CocoaLumberjack/Core
    - CocoaLumberjack/Extensions
  - CocoaLumberjack/Core (1.6.5.1)
  - CocoaLumberjack/Extensions (1.6.5.1):
    - CocoaLumberjack/Core
  - MagicalRecord (2.2)
  - ReactiveCocoa (2.1.8):
    - ReactiveCocoa/Core
    - ReactiveCocoa/no-arc
  - ReactiveCocoa/Core (2.1.8):
    - ReactiveCocoa/no-arc
  - ReactiveCocoa/no-arc (2.1.8)

DEPENDENCIES:
  - CocoaLumberjack (~> 1.6.5.1)
  - MagicalRecord (~> 2.2)
  - ReactiveCocoa (~> 2.1.8)

SPEC CHECKSUMS:
  CocoaLumberjack: 17803afbade3126a377d32b8d23367264b44ced6
  MagicalRecord: b1fc46c99a9749fe7fe7e6f43a89b62ef5201933
  ReactiveCocoa: 0db710a0afa1c627a64470e5c912a3870d4854ae

COCOAPODS: 0.28.0
